
Microsoft Visual Studio Solution File, Format Version 12.00
# Visual Studio Version 17
VisualStudioVersion = 17.5.2.0
MinimumVisualStudioVersion = 10.0.40219.1
Project("{FAE04EC0-301F-11D3-BF4B-00C04F79EFBC}") = "CatSwipe", "CatSwipe\CatSwipe.csproj", "{27EF0F63-1FAC-F7D6-9C6F-FD01EDE3AE70}"
EndProject
Project("{FAE04EC0-301F-11D3-BF4B-00C04F79EFBC}") = "CatSwipe.Tests", "CatSwipe.Tests\CatSwipe.Tests.csproj", "{FBA7CDF9-BD81-48BB-B709-F01FFBDC5C1C}"
EndProject
Project("{FAE04EC0-301F-11D3-BF4B-00C04F79EFBC}") = "CatSwipe.UITests", "CatSwipe.UITests\CatSwipe.UITests.csproj", "{CF97CCAA-281A-4337-90F5-403A75A7F47B}"
EndProject
Global
	GlobalSection(SolutionConfigurationPlatforms) = preSolution
		Debug|Any CPU = Debug|Any CPU
		Debug|x64 = Debug|x64
		Debug|x86 = Debug|x86
		Release|Any CPU = Release|Any CPU
		Release|x64 = Release|x64
		Release|x86 = Release|x86
	EndGlobalSection
	GlobalSection(ProjectConfigurationPlatforms) = postSolution
		{27EF0F63-1FAC-F7D6-9C6F-FD01EDE3AE70}.Debug|Any CPU.ActiveCfg = Debug|Any CPU
		{27EF0F63-1FAC-F7D6-9C6F-FD01EDE3AE70}.Debug|Any CPU.Build.0 = Debug|Any CPU
		{27EF0F63-1FAC-F7D6-9C6F-FD01EDE3AE70}.Debug|x64.ActiveCfg = Debug|Any CPU
		{27EF0F63-1FAC-F7D6-9C6F-FD01EDE3AE70}.Debug|x64.Build.0 = Debug|Any CPU
		{27EF0F63-1FAC-F7D6-9C6F-FD01EDE3AE70}.Debug|x86.ActiveCfg = Debug|Any CPU
		{27EF0F63-1FAC-F7D6-9C6F-FD01EDE3AE70}.Debug|x86.Build.0 = Debug|Any CPU
		{27EF0F63-1FAC-F7D6-9C6F-FD01EDE3AE70}.Release|Any CPU.ActiveCfg = Release|Any CPU
		{27EF0F63-1FAC-F7D6-9C6F-FD01EDE3AE70}.Release|Any CPU.Build.0 = Release|Any CPU
		{27EF0F63-1FAC-F7D6-9C6F-FD01EDE3AE70}.Release|x64.ActiveCfg = Release|Any CPU
		{27EF0F63-1FAC-F7D6-9C6F-FD01EDE3AE70}.Release|x64.Build.0 = Release|Any CPU
		{27EF0F63-1FAC-F7D6-9C6F-FD01EDE3AE70}.Release|x86.ActiveCfg = Release|Any CPU
		{27EF0F63-1FAC-F7D6-9C6F-FD01EDE3AE70}.Release|x86.Build.0 = Release|Any CPU
		{FBA7CDF9-BD81-48BB-B709-F01FFBDC5C1C}.Debug|Any CPU.ActiveCfg = Debug|Any CPU
		{FBA7CDF9-BD81-48BB-B709-F01FFBDC5C1C}.Debug|Any CPU.Build.0 = Debug|Any CPU
		{FBA7CDF9-BD81-48BB-B709-F01FFBDC5C1C}.Debug|x64.ActiveCfg = Debug|Any CPU
		{FBA7CDF9-BD81-48BB-B709-F01FFBDC5C1C}.Debug|x64.Build.0 = Debug|Any CPU
		{FBA7CDF9-BD81-48BB-B709-F01FFBDC5C1C}.Debug|x86.ActiveCfg = Debug|Any CPU
		{FBA7CDF9-BD81-48BB-B709-F01FFBDC5C1C}.Debug|x86.Build.0 = Debug|Any CPU
		{FBA7CDF9-BD81-48BB-B709-F01FFBDC5C1C}.Release|Any CPU.ActiveCfg = Release|Any CPU
		{FBA7CDF9-BD81-48BB-B709-F01FFBDC5C1C}.Release|Any CPU.Build.0 = Release|Any CPU
		{FBA7CDF9-BD81-48BB-B709-F01FFBDC5C1C}.Release|x64.ActiveCfg = Release|Any CPU
		{FBA7CDF9-BD81-48BB-B709-F01FFBDC5C1C}.Release|x64.Build.0 = Release|Any CPU
		{FBA7CDF9-BD81-48BB-B709-F01FFBDC5C1C}.Release|x86.ActiveCfg = Release|Any CPU
		{FBA7CDF9-BD81-48BB-B709-F01FFBDC5C1C}.Release|x86.Build.0 = Release|Any CPU
		{CF97CCAA-281A-4337-90F5-403A75A7F47B}.Debug|Any CPU.ActiveCfg = Debug|Any CPU
		{CF97CCAA-281A-4337-90F5-403A75A7F47B}.Debug|Any CPU.Build.0 = Debug|Any CPU
		{CF97CCAA-281A-4337-90F5-403A75A7F47B}.Debug|x64.ActiveCfg = Debug|Any CPU
		{CF97CCAA-281A-4337-90F5-403A75A7F47B}.Debug|x64.Build.0 = Debug|Any CPU
		{CF97CCAA-281A-4337-90F5-403A75A7F47B}.Debug|x86.ActiveCfg = Debug|Any CPU
		{CF97CCAA-281A-4337-90F5-403A75A7F47B}.Debug|x86.Build.0 = Debug|Any CPU
		{CF97CCAA-281A-4337-90F5-403A75A7F47B}.Release|Any CPU.ActiveCfg = Release|Any CPU
		{CF97CCAA-281A-4337-90F5-403A75A7F47B}.Release|Any CPU.Build.0 = Release|Any CPU
		{CF97CCAA-281A-4337-90F5-403A75A7F47B}.Release|x64.ActiveCfg = Release|Any CPU
		{CF97CCAA-281A-4337-90F5-403A75A7F47B}.Release|x64.Build.0 = Release|Any CPU
		{CF97CCAA-281A-4337-90F5-403A75A7F47B}.Release|x86.ActiveCfg = Release|Any CPU
		{CF97CCAA-281A-4337-90F5-403A75A7F47B}.Release|x86.Build.0 = Release|Any CPU
	EndGlobalSection
	GlobalSection(SolutionProperties) = preSolution
		HideSolutionNode = FALSE
	EndGlobalSection
	GlobalSection(ExtensibilityGlobals) = postSolution
		SolutionGuid = {4B60D021-6F0C-4EB0-A295-2AA63DAC72A9}
	EndGlobalSection
EndGlobal
