Microsoft Visual Studio Solution File, Format Version 12.00
# Visual Studio Version 17
VisualStudioVersion = 17.5.2.0
MinimumVisualStudioVersion = 10.0.40219.1
Project("{FAE04EC0-301F-11D3-BF4B-00C04F79EFBC}") = "VibeSomeMauiBro", "VibeSomeMauiBro\VibeSomeMauiBro.csproj", "{27EF0F63-1FAC-F7D6-9C6F-FD01EDE3AE70}"
EndProject
Global
	GlobalSection(SolutionConfigurationPlatforms) = preSolution
		Debug|Any CPU = Debug|Any CPU
		Release|Any CPU = Release|Any CPU
	EndGlobalSection
	GlobalSection(ProjectConfigurationPlatforms) = postSolution
		{27EF0F63-1FAC-F7D6-9C6F-FD01EDE3AE70}.Debug|Any CPU.ActiveCfg = Debug|Any CPU
		{27EF0F63-1FAC-F7D6-9C6F-FD01EDE3AE70}.Debug|Any CPU.Build.0 = Debug|Any CPU
		{27EF0F63-1FAC-F7D6-9C6F-FD01EDE3AE70}.Release|Any CPU.ActiveCfg = Release|Any CPU
		{27EF0F63-1FAC-F7D6-9C6F-FD01EDE3AE70}.Release|Any CPU.Build.0 = Release|Any CPU
	EndGlobalSection
	GlobalSection(SolutionProperties) = preSolution
		HideSolutionNode = FALSE
	EndGlobalSection
	GlobalSection(ExtensibilityGlobals) = postSolution
		SolutionGuid = {4B60D021-6F0C-4EB0-A295-2AA63DAC72A9}
	EndGlobalSection
EndGlobal
